{"format_version":"0.2","terraform_version":"1.0.4","variables":{"app_project":{"value":"commons-build"}},"planned_values":{"root_module":{"resources":[{"address":"google_storage_bucket.image-store-1","mode":"managed","type":"google_storage_bucket","name":"image-store-1","provider_name":"registry.terraform.io/hashicorp/google","schema_version":0,"values":{"cors":[],"default_event_based_hold":null,"encryption":[],"force_destroy":false,"labels":null,"lifecycle_rule":[],"location":"EUROPE-NORTH1","logging":[],"name":"tj4h-random-test-image-store-bucket-1","requester_pays":null,"retention_policy":[],"storage_class":"STANDARD","versioning":[],"website":[]},"sensitive_values":{"cors":[],"encryption":[],"lifecycle_rule":[],"logging":[],"retention_policy":[],"versioning":[],"website":[]}}]}},"resource_changes":[{"address":"google_storage_bucket.image-store-1","mode":"managed","type":"google_storage_bucket","name":"image-store-1","provider_name":"registry.terraform.io/hashicorp/google","change":{"actions":["create"],"before":null,"after":{"cors":[],"default_event_based_hold":null,"encryption":[],"force_destroy":false,"labels":null,"lifecycle_rule":[],"location":"EUROPE-NORTH1","logging":[],"name":"tj4h-random-test-image-store-bucket-1","requester_pays":null,"retention_policy":[],"storage_class":"STANDARD","versioning":[],"website":[]},"after_unknown":{"bucket_policy_only":true,"cors":[],"encryption":[],"id":true,"lifecycle_rule":[],"logging":[],"project":true,"retention_policy":[],"self_link":true,"uniform_bucket_level_access":true,"url":true,"versioning":[],"website":[]},"before_sensitive":false,"after_sensitive":{"cors":[],"encryption":[],"lifecycle_rule":[],"logging":[],"retention_policy":[],"versioning":[],"website":[]}}}],"configuration":{"provider_config":{"google":{"name":"google","expressions":{"project":{"constant_value":"commons-build"}}}},"root_module":{"resources":[{"address":"google_storage_bucket.image-store-1","mode":"managed","type":"google_storage_bucket","name":"image-store-1","provider_config_key":"google","expressions":{"location":{"constant_value":"europe-north1"},"name":{"constant_value":"tj4h-random-test-image-store-bucket-1"}},"schema_version":0}],"variables":{"app_project":{}}}}}
